
Microsoft Visual Studio Solution File, Format Version 12.00
# Visual Studio Version 17
VisualStudioVersion = 17.14.36518.9
MinimumVisualStudioVersion = 10.0.40219.1
Project("{2150E333-8FDC-42A3-9474-1A3956D46DE8}") = "Task0", "Task0", "{02EA681E-C7D8-13C7-8484-4AC65E1B71E8}"
EndProject
Project("{FAE04EC0-301F-11D3-BF4B-00C04F79EFBC}") = "Tyuiu.Shahab6.Sprint6.Task0.V26.Lib", "Tyuiu.Shahab6.Sprint6.Task0.V26.Lib\Tyuiu.Shahab6.Sprint6.Task0.V26.Lib.csproj", "{23BFD9E9-81DA-4423-B6B7-62EB4AB8E7A7}"
EndProject
Project("{FAE04EC0-301F-11D3-BF4B-00C04F79EFBC}") = "Tyuiu.Shahab6.Sprint6.Task0.V26.Test", "Tyuiu.Shahab6.Sprint6.Task0.V26.Test\Tyuiu.Shahab6.Sprint6.Task0.V26.Test.csproj", "{2A11B36A-D1B1-44D5-8C0C-FC6166555322}"
EndProject
Project("{FAE04EC0-301F-11D3-BF4B-00C04F79EFBC}") = "Tyuiu.Shahab6.Sprint6.Task0.V26", "Tyuiu.Shahab6.Sprint6.Task0.V26\Tyuiu.Shahab6.Sprint6.Task0.V26.csproj", "{CDC0F4D9-20FA-4A45-A22C-940A410206B5}"
EndProject
Project("{2150E333-8FDC-42A3-9474-1A3956D46DE8}") = "Task1", "Task1", "{3843170B-669B-4522-9BB8-6404A11F5B3A}"
EndProject
Project("{2150E333-8FDC-42A3-9474-1A3956D46DE8}") = "Task3", "Task3", "{F89FEA90-A78C-4C15-8BB6-4BDA9693AFD0}"
EndProject
Project("{FAE04EC0-301F-11D3-BF4B-00C04F79EFBC}") = "Tyuiu.Shahab6.Sprint6.Task3.V4.Lib", "Tyuiu.Shahab6.Sprint6.Task3.V4.Lib\Tyuiu.Shahab6.Sprint6.Task3.V4.Lib.csproj", "{8F529C61-3600-4FEB-85C0-BCB2B29A9220}"
EndProject
Project("{FAE04EC0-301F-11D3-BF4B-00C04F79EFBC}") = "Tyuiu.Shahab6.Sprint6.Task3.V4.Test", "Tyuiu.Shahab6.Sprint6.Task3.V4.Test\Tyuiu.Shahab6.Sprint6.Task3.V4.Test.csproj", "{4F2A4C0B-A5C5-4A3E-B1BD-9935E7212BFC}"
EndProject
Project("{FAE04EC0-301F-11D3-BF4B-00C04F79EFBC}") = "Tyuiu.Shahab6.Sprint6.Task3.V4", "Tyuiu.Shahab6.Sprint6.Task3.V4\Tyuiu.Shahab6.Sprint6.Task3.V4.csproj", "{F8F0B6B9-941D-44BC-9386-41B94BE3297A}"
EndProject
Project("{2150E333-8FDC-42A3-9474-1A3956D46DE8}") = "Task4", "Task4", "{E1945059-E3C5-410E-AE33-CE63A29FC8C9}"
EndProject
Project("{FAE04EC0-301F-11D3-BF4B-00C04F79EFBC}") = "Tyuiu.Shahab6.Sprint6.Task4.V5.Lib", "Tyuiu.Shahab6.Sprint6.Task4.V5.Lib\Tyuiu.Shahab6.Sprint6.Task4.V5.Lib.csproj", "{5BE8E0F8-C908-4C50-A25C-901A188AA73D}"
EndProject
Project("{FAE04EC0-301F-11D3-BF4B-00C04F79EFBC}") = "Tyuiu.Shahab6.Sprint6.Task4.V5.Test", "Tyuiu.Shahab6.Sprint6.Task4.V5.Test\Tyuiu.Shahab6.Sprint6.Task4.V5.Test.csproj", "{FE7757CC-1CD7-44FA-A6CC-8F227C033E8E}"
EndProject
Project("{FAE04EC0-301F-11D3-BF4B-00C04F79EFBC}") = "Tyuiu.Shahab6.Sprint6.Task4.V5", "Tyuiu.Shahab6.Sprint6.Task4.V5\Tyuiu.Shahab6.Sprint6.Task4.V5.csproj", "{BB6800EF-361D-4EB6-83BA-5ACFDC7FFEF9}"
EndProject
Project("{2150E333-8FDC-42A3-9474-1A3956D46DE8}") = "Task5", "Task5", "{6951DDD1-ADF5-4A45-928A-BEFC85FC2C06}"
EndProject
Project("{FAE04EC0-301F-11D3-BF4B-00C04F79EFBC}") = "Tyuiu.Shahab6.Sprint6.Task5.V23.Lib", "Tyuiu.Shahab6.Sprint6.Task5.V23.Lib\Tyuiu.Shahab6.Sprint6.Task5.V23.Lib.csproj", "{6B0753DC-868A-48AF-8A8C-3C9D98FB8BB3}"
EndProject
Project("{FAE04EC0-301F-11D3-BF4B-00C04F79EFBC}") = "Tyuiu.Shahab6.Sprint6.Task5.V23.Test", "Tyuiu.Shahab6.Sprint6.Task5.V23.Test\Tyuiu.Shahab6.Sprint6.Task5.V23.Test.csproj", "{6F5A76E8-EF71-4B27-A73C-4BC0D9FDCE16}"
EndProject
Project("{FAE04EC0-301F-11D3-BF4B-00C04F79EFBC}") = "Tyuiu.Shahab6.Sprint6.Task5.V23", "Tyuiu.Shahab6.Sprint6.Task5.V23\Tyuiu.Shahab6.Sprint6.Task5.V23.csproj", "{F6AEC066-32A5-4B2E-8885-F178E42A0288}"
EndProject
Project("{FAE04EC0-301F-11D3-BF4B-00C04F79EFBC}") = "Tyuiu.Shahab6.Sprint6.Task1.V23.Lib", "Tyuiu.Shahab6.Sprint6.Task1.V23.Lib\Tyuiu.Shahab6.Sprint6.Task1.V23.Lib.csproj", "{0BC127F8-EE48-4293-A821-32FBB1C23506}"
EndProject
Project("{FAE04EC0-301F-11D3-BF4B-00C04F79EFBC}") = "Tyuiu.Shahab6.Sprint6.Task1.V23.Test", "Tyuiu.Shahab6.Sprint6.Task1.V23.Test\Tyuiu.Shahab6.Sprint6.Task1.V23.Test.csproj", "{6EB7B975-C0F4-44BF-A611-FE9A186F23D8}"
EndProject
Project("{FAE04EC0-301F-11D3-BF4B-00C04F79EFBC}") = "Tyuiu.Shahab6.Sprint6.Task1.V23", "Tyuiu.Shahab6.Sprint6.Task1.V23\Tyuiu.Shahab6.Sprint6.Task1.V23.csproj", "{B1EA875C-CD77-46F3-9EF4-DFF230649FEF}"
EndProject
Project("{2150E333-8FDC-42A3-9474-1A3956D46DE8}") = "Task6", "Task6", "{696156F9-3A45-4D7D-9B58-4A0ED758E8C0}"
EndProject
Project("{FAE04EC0-301F-11D3-BF4B-00C04F79EFBC}") = "Tyuiu.Shahab6.Sprint6.Task6.V27.Lib", "Tyuiu.Shahab6.Sprint6.Task6.V27.Lib\Tyuiu.Shahab6.Sprint6.Task6.V27.Lib.csproj", "{3484152E-10DB-4471-B393-B0915DBAEC6D}"
EndProject
Project("{FAE04EC0-301F-11D3-BF4B-00C04F79EFBC}") = "Tyuiu.Shahab6.Sprint6.Task6.V27.Test", "Tyuiu.Shahab6.Sprint6.Task6.V27.Test\Tyuiu.Shahab6.Sprint6.Task6.V27.Test.csproj", "{9A495796-75B6-4C64-8445-CC912BE4CCB2}"
EndProject
Project("{FAE04EC0-301F-11D3-BF4B-00C04F79EFBC}") = "Tyuiu.Shahab6.Sprint6.Task6.V27", "Tyuiu.Shahab6.Sprint6.Task6.V27\Tyuiu.Shahab6.Sprint6.Task6.V27.csproj", "{B9274E05-DE40-46B1-8312-DA8B3135FC1A}"
EndProject
Project("{2150E333-8FDC-42A3-9474-1A3956D46DE8}") = "Task2", "Task2", "{FC33FE47-ABD1-42C0-997B-D1614FAF784A}"
EndProject
Project("{2150E333-8FDC-42A3-9474-1A3956D46DE8}") = "Task7", "Task7", "{9E8107E8-B72E-4A0E-9842-8EF3D00AE5E9}"
EndProject
Project("{FAE04EC0-301F-11D3-BF4B-00C04F79EFBC}") = "Tyuiu.Shahab6.Sprint6.Task7.V4", "Tyuiu.Shahab6.Sprint6.Task7.V4\Tyuiu.Shahab6.Sprint6.Task7.V4.csproj", "{7DDE5AFB-A9CB-4889-9C18-3E16DB853153}"
EndProject
Project("{FAE04EC0-301F-11D3-BF4B-00C04F79EFBC}") = "Tyuiu.Shahab6.Sprint6.Task7.V4.Lib", "Tyuiu.Shahab6.Sprint6.Task7.V4.Lib\Tyuiu.Shahab6.Sprint6.Task7.V4.Lib.csproj", "{AFA690FE-FA29-494A-AABA-1F139D26FA24}"
EndProject
Project("{FAE04EC0-301F-11D3-BF4B-00C04F79EFBC}") = "Tyuiu.Shahab6.Sprint6.Task7.V4.Test", "Tyuiu.Shahab6.Sprint6.Task7.V4.Test\Tyuiu.Shahab6.Sprint6.Task7.V4.Test.csproj", "{7CF7A61F-B3BB-4E7B-B5D1-4128BA0C835C}"
EndProject
Global
	GlobalSection(SolutionConfigurationPlatforms) = preSolution
		Debug|Any CPU = Debug|Any CPU
		Release|Any CPU = Release|Any CPU
	EndGlobalSection
	GlobalSection(ProjectConfigurationPlatforms) = postSolution
		{23BFD9E9-81DA-4423-B6B7-62EB4AB8E7A7}.Debug|Any CPU.ActiveCfg = Debug|Any CPU
		{23BFD9E9-81DA-4423-B6B7-62EB4AB8E7A7}.Debug|Any CPU.Build.0 = Debug|Any CPU
		{23BFD9E9-81DA-4423-B6B7-62EB4AB8E7A7}.Release|Any CPU.ActiveCfg = Release|Any CPU
		{23BFD9E9-81DA-4423-B6B7-62EB4AB8E7A7}.Release|Any CPU.Build.0 = Release|Any CPU
		{2A11B36A-D1B1-44D5-8C0C-FC6166555322}.Debug|Any CPU.ActiveCfg = Debug|Any CPU
		{2A11B36A-D1B1-44D5-8C0C-FC6166555322}.Debug|Any CPU.Build.0 = Debug|Any CPU
		{2A11B36A-D1B1-44D5-8C0C-FC6166555322}.Release|Any CPU.ActiveCfg = Release|Any CPU
		{2A11B36A-D1B1-44D5-8C0C-FC6166555322}.Release|Any CPU.Build.0 = Release|Any CPU
		{CDC0F4D9-20FA-4A45-A22C-940A410206B5}.Debug|Any CPU.ActiveCfg = Debug|Any CPU
		{CDC0F4D9-20FA-4A45-A22C-940A410206B5}.Debug|Any CPU.Build.0 = Debug|Any CPU
		{CDC0F4D9-20FA-4A45-A22C-940A410206B5}.Release|Any CPU.ActiveCfg = Release|Any CPU
		{CDC0F4D9-20FA-4A45-A22C-940A410206B5}.Release|Any CPU.Build.0 = Release|Any CPU
		{8F529C61-3600-4FEB-85C0-BCB2B29A9220}.Debug|Any CPU.ActiveCfg = Debug|Any CPU
		{8F529C61-3600-4FEB-85C0-BCB2B29A9220}.Debug|Any CPU.Build.0 = Debug|Any CPU
		{8F529C61-3600-4FEB-85C0-BCB2B29A9220}.Release|Any CPU.ActiveCfg = Release|Any CPU
		{8F529C61-3600-4FEB-85C0-BCB2B29A9220}.Release|Any CPU.Build.0 = Release|Any CPU
		{4F2A4C0B-A5C5-4A3E-B1BD-9935E7212BFC}.Debug|Any CPU.ActiveCfg = Debug|Any CPU
		{4F2A4C0B-A5C5-4A3E-B1BD-9935E7212BFC}.Debug|Any CPU.Build.0 = Debug|Any CPU
		{4F2A4C0B-A5C5-4A3E-B1BD-9935E7212BFC}.Release|Any CPU.ActiveCfg = Release|Any CPU
		{4F2A4C0B-A5C5-4A3E-B1BD-9935E7212BFC}.Release|Any CPU.Build.0 = Release|Any CPU
		{F8F0B6B9-941D-44BC-9386-41B94BE3297A}.Debug|Any CPU.ActiveCfg = Debug|Any CPU
		{F8F0B6B9-941D-44BC-9386-41B94BE3297A}.Debug|Any CPU.Build.0 = Debug|Any CPU
		{F8F0B6B9-941D-44BC-9386-41B94BE3297A}.Release|Any CPU.ActiveCfg = Release|Any CPU
		{F8F0B6B9-941D-44BC-9386-41B94BE3297A}.Release|Any CPU.Build.0 = Release|Any CPU
		{5BE8E0F8-C908-4C50-A25C-901A188AA73D}.Debug|Any CPU.ActiveCfg = Debug|Any CPU
		{5BE8E0F8-C908-4C50-A25C-901A188AA73D}.Debug|Any CPU.Build.0 = Debug|Any CPU
		{5BE8E0F8-C908-4C50-A25C-901A188AA73D}.Release|Any CPU.ActiveCfg = Release|Any CPU
		{5BE8E0F8-C908-4C50-A25C-901A188AA73D}.Release|Any CPU.Build.0 = Release|Any CPU
		{FE7757CC-1CD7-44FA-A6CC-8F227C033E8E}.Debug|Any CPU.ActiveCfg = Debug|Any CPU
		{FE7757CC-1CD7-44FA-A6CC-8F227C033E8E}.Debug|Any CPU.Build.0 = Debug|Any CPU
		{FE7757CC-1CD7-44FA-A6CC-8F227C033E8E}.Release|Any CPU.ActiveCfg = Release|Any CPU
		{FE7757CC-1CD7-44FA-A6CC-8F227C033E8E}.Release|Any CPU.Build.0 = Release|Any CPU
		{BB6800EF-361D-4EB6-83BA-5ACFDC7FFEF9}.Debug|Any CPU.ActiveCfg = Debug|Any CPU
		{BB6800EF-361D-4EB6-83BA-5ACFDC7FFEF9}.Debug|Any CPU.Build.0 = Debug|Any CPU
		{BB6800EF-361D-4EB6-83BA-5ACFDC7FFEF9}.Release|Any CPU.ActiveCfg = Release|Any CPU
		{BB6800EF-361D-4EB6-83BA-5ACFDC7FFEF9}.Release|Any CPU.Build.0 = Release|Any CPU
		{6B0753DC-868A-48AF-8A8C-3C9D98FB8BB3}.Debug|Any CPU.ActiveCfg = Debug|Any CPU
		{6B0753DC-868A-48AF-8A8C-3C9D98FB8BB3}.Debug|Any CPU.Build.0 = Debug|Any CPU
		{6B0753DC-868A-48AF-8A8C-3C9D98FB8BB3}.Release|Any CPU.ActiveCfg = Release|Any CPU
		{6B0753DC-868A-48AF-8A8C-3C9D98FB8BB3}.Release|Any CPU.Build.0 = Release|Any CPU
		{6F5A76E8-EF71-4B27-A73C-4BC0D9FDCE16}.Debug|Any CPU.ActiveCfg = Debug|Any CPU
		{6F5A76E8-EF71-4B27-A73C-4BC0D9FDCE16}.Debug|Any CPU.Build.0 = Debug|Any CPU
		{6F5A76E8-EF71-4B27-A73C-4BC0D9FDCE16}.Release|Any CPU.ActiveCfg = Release|Any CPU
		{6F5A76E8-EF71-4B27-A73C-4BC0D9FDCE16}.Release|Any CPU.Build.0 = Release|Any CPU
		{F6AEC066-32A5-4B2E-8885-F178E42A0288}.Debug|Any CPU.ActiveCfg = Debug|Any CPU
		{F6AEC066-32A5-4B2E-8885-F178E42A0288}.Debug|Any CPU.Build.0 = Debug|Any CPU
		{F6AEC066-32A5-4B2E-8885-F178E42A0288}.Release|Any CPU.ActiveCfg = Release|Any CPU
		{F6AEC066-32A5-4B2E-8885-F178E42A0288}.Release|Any CPU.Build.0 = Release|Any CPU
		{0BC127F8-EE48-4293-A821-32FBB1C23506}.Debug|Any CPU.ActiveCfg = Debug|Any CPU
		{0BC127F8-EE48-4293-A821-32FBB1C23506}.Debug|Any CPU.Build.0 = Debug|Any CPU
		{0BC127F8-EE48-4293-A821-32FBB1C23506}.Release|Any CPU.ActiveCfg = Release|Any CPU
		{0BC127F8-EE48-4293-A821-32FBB1C23506}.Release|Any CPU.Build.0 = Release|Any CPU
		{6EB7B975-C0F4-44BF-A611-FE9A186F23D8}.Debug|Any CPU.ActiveCfg = Debug|Any CPU
		{6EB7B975-C0F4-44BF-A611-FE9A186F23D8}.Debug|Any CPU.Build.0 = Debug|Any CPU
		{6EB7B975-C0F4-44BF-A611-FE9A186F23D8}.Release|Any CPU.ActiveCfg = Release|Any CPU
		{6EB7B975-C0F4-44BF-A611-FE9A186F23D8}.Release|Any CPU.Build.0 = Release|Any CPU
		{B1EA875C-CD77-46F3-9EF4-DFF230649FEF}.Debug|Any CPU.ActiveCfg = Debug|Any CPU
		{B1EA875C-CD77-46F3-9EF4-DFF230649FEF}.Debug|Any CPU.Build.0 = Debug|Any CPU
		{B1EA875C-CD77-46F3-9EF4-DFF230649FEF}.Release|Any CPU.ActiveCfg = Release|Any CPU
		{B1EA875C-CD77-46F3-9EF4-DFF230649FEF}.Release|Any CPU.Build.0 = Release|Any CPU
		{3484152E-10DB-4471-B393-B0915DBAEC6D}.Debug|Any CPU.ActiveCfg = Debug|Any CPU
		{3484152E-10DB-4471-B393-B0915DBAEC6D}.Debug|Any CPU.Build.0 = Debug|Any CPU
		{3484152E-10DB-4471-B393-B0915DBAEC6D}.Release|Any CPU.ActiveCfg = Release|Any CPU
		{3484152E-10DB-4471-B393-B0915DBAEC6D}.Release|Any CPU.Build.0 = Release|Any CPU
		{9A495796-75B6-4C64-8445-CC912BE4CCB2}.Debug|Any CPU.ActiveCfg = Debug|Any CPU
		{9A495796-75B6-4C64-8445-CC912BE4CCB2}.Debug|Any CPU.Build.0 = Debug|Any CPU
		{9A495796-75B6-4C64-8445-CC912BE4CCB2}.Release|Any CPU.ActiveCfg = Release|Any CPU
		{9A495796-75B6-4C64-8445-CC912BE4CCB2}.Release|Any CPU.Build.0 = Release|Any CPU
		{B9274E05-DE40-46B1-8312-DA8B3135FC1A}.Debug|Any CPU.ActiveCfg = Debug|Any CPU
		{B9274E05-DE40-46B1-8312-DA8B3135FC1A}.Debug|Any CPU.Build.0 = Debug|Any CPU
		{B9274E05-DE40-46B1-8312-DA8B3135FC1A}.Release|Any CPU.ActiveCfg = Release|Any CPU
		{B9274E05-DE40-46B1-8312-DA8B3135FC1A}.Release|Any CPU.Build.0 = Release|Any CPU
		{7DDE5AFB-A9CB-4889-9C18-3E16DB853153}.Debug|Any CPU.ActiveCfg = Debug|Any CPU
		{7DDE5AFB-A9CB-4889-9C18-3E16DB853153}.Debug|Any CPU.Build.0 = Debug|Any CPU
		{7DDE5AFB-A9CB-4889-9C18-3E16DB853153}.Release|Any CPU.ActiveCfg = Release|Any CPU
		{7DDE5AFB-A9CB-4889-9C18-3E16DB853153}.Release|Any CPU.Build.0 = Release|Any CPU
		{AFA690FE-FA29-494A-AABA-1F139D26FA24}.Debug|Any CPU.ActiveCfg = Debug|Any CPU
		{AFA690FE-FA29-494A-AABA-1F139D26FA24}.Debug|Any CPU.Build.0 = Debug|Any CPU
		{AFA690FE-FA29-494A-AABA-1F139D26FA24}.Release|Any CPU.ActiveCfg = Release|Any CPU
		{AFA690FE-FA29-494A-AABA-1F139D26FA24}.Release|Any CPU.Build.0 = Release|Any CPU
		{7CF7A61F-B3BB-4E7B-B5D1-4128BA0C835C}.Debug|Any CPU.ActiveCfg = Debug|Any CPU
		{7CF7A61F-B3BB-4E7B-B5D1-4128BA0C835C}.Debug|Any CPU.Build.0 = Debug|Any CPU
		{7CF7A61F-B3BB-4E7B-B5D1-4128BA0C835C}.Release|Any CPU.ActiveCfg = Release|Any CPU
		{7CF7A61F-B3BB-4E7B-B5D1-4128BA0C835C}.Release|Any CPU.Build.0 = Release|Any CPU
	EndGlobalSection
	GlobalSection(SolutionProperties) = preSolution
		HideSolutionNode = FALSE
	EndGlobalSection
	GlobalSection(NestedProjects) = preSolution
		{23BFD9E9-81DA-4423-B6B7-62EB4AB8E7A7} = {02EA681E-C7D8-13C7-8484-4AC65E1B71E8}
		{2A11B36A-D1B1-44D5-8C0C-FC6166555322} = {02EA681E-C7D8-13C7-8484-4AC65E1B71E8}
		{CDC0F4D9-20FA-4A45-A22C-940A410206B5} = {02EA681E-C7D8-13C7-8484-4AC65E1B71E8}
		{8F529C61-3600-4FEB-85C0-BCB2B29A9220} = {F89FEA90-A78C-4C15-8BB6-4BDA9693AFD0}
		{4F2A4C0B-A5C5-4A3E-B1BD-9935E7212BFC} = {F89FEA90-A78C-4C15-8BB6-4BDA9693AFD0}
		{F8F0B6B9-941D-44BC-9386-41B94BE3297A} = {F89FEA90-A78C-4C15-8BB6-4BDA9693AFD0}
		{5BE8E0F8-C908-4C50-A25C-901A188AA73D} = {E1945059-E3C5-410E-AE33-CE63A29FC8C9}
		{FE7757CC-1CD7-44FA-A6CC-8F227C033E8E} = {E1945059-E3C5-410E-AE33-CE63A29FC8C9}
		{BB6800EF-361D-4EB6-83BA-5ACFDC7FFEF9} = {E1945059-E3C5-410E-AE33-CE63A29FC8C9}
		{6B0753DC-868A-48AF-8A8C-3C9D98FB8BB3} = {6951DDD1-ADF5-4A45-928A-BEFC85FC2C06}
		{6F5A76E8-EF71-4B27-A73C-4BC0D9FDCE16} = {6951DDD1-ADF5-4A45-928A-BEFC85FC2C06}
		{F6AEC066-32A5-4B2E-8885-F178E42A0288} = {6951DDD1-ADF5-4A45-928A-BEFC85FC2C06}
		{0BC127F8-EE48-4293-A821-32FBB1C23506} = {3843170B-669B-4522-9BB8-6404A11F5B3A}
		{6EB7B975-C0F4-44BF-A611-FE9A186F23D8} = {3843170B-669B-4522-9BB8-6404A11F5B3A}
		{B1EA875C-CD77-46F3-9EF4-DFF230649FEF} = {3843170B-669B-4522-9BB8-6404A11F5B3A}
		{3484152E-10DB-4471-B393-B0915DBAEC6D} = {696156F9-3A45-4D7D-9B58-4A0ED758E8C0}
		{9A495796-75B6-4C64-8445-CC912BE4CCB2} = {696156F9-3A45-4D7D-9B58-4A0ED758E8C0}
		{B9274E05-DE40-46B1-8312-DA8B3135FC1A} = {696156F9-3A45-4D7D-9B58-4A0ED758E8C0}
		{7DDE5AFB-A9CB-4889-9C18-3E16DB853153} = {9E8107E8-B72E-4A0E-9842-8EF3D00AE5E9}
		{AFA690FE-FA29-494A-AABA-1F139D26FA24} = {9E8107E8-B72E-4A0E-9842-8EF3D00AE5E9}
		{7CF7A61F-B3BB-4E7B-B5D1-4128BA0C835C} = {9E8107E8-B72E-4A0E-9842-8EF3D00AE5E9}
	EndGlobalSection
	GlobalSection(ExtensibilityGlobals) = postSolution
		SolutionGuid = {28CF1DEC-03C2-4938-BA17-A1E9D4B0D51C}
	EndGlobalSection
EndGlobal
