
Microsoft Visual Studio Solution File, Format Version 12.00
# Visual Studio Version 17
VisualStudioVersion = 17.14.36518.9
MinimumVisualStudioVersion = 10.0.40219.1
Project("{2150E333-8FDC-42A3-9474-1A3956D46DE8}") = "Task0", "Task0", "{02EA681E-C7D8-13C7-8484-4AC65E1B71E8}"
EndProject
Project("{FAE04EC0-301F-11D3-BF4B-00C04F79EFBC}") = "Tyuiu.Shahab6.Sprint6.Task0.V26.Lib", "Tyuiu.Shahab6.Sprint6.Task0.V26.Lib\Tyuiu.Shahab6.Sprint6.Task0.V26.Lib.csproj", "{23BFD9E9-81DA-4423-B6B7-62EB4AB8E7A7}"
EndProject
Project("{FAE04EC0-301F-11D3-BF4B-00C04F79EFBC}") = "Tyuiu.Shahab6.Sprint6.Task0.V26.Test", "Tyuiu.Shahab6.Sprint6.Task0.V26.Test\Tyuiu.Shahab6.Sprint6.Task0.V26.Test.csproj", "{2A11B36A-D1B1-44D5-8C0C-FC6166555322}"
EndProject
Project("{FAE04EC0-301F-11D3-BF4B-00C04F79EFBC}") = "Tyuiu.Shahab6.Sprint6.Task0.V26", "Tyuiu.Shahab6.Sprint6.Task0.V26\Tyuiu.Shahab6.Sprint6.Task0.V26.csproj", "{CDC0F4D9-20FA-4A45-A22C-940A410206B5}"
EndProject
Project("{2150E333-8FDC-42A3-9474-1A3956D46DE8}") = "Task1", "Task1", "{C3608052-596D-4ED0-AA43-18AF33A5D719}"
EndProject
Project("{FAE04EC0-301F-11D3-BF4B-00C04F79EFBC}") = "Tyuiu.Shahab6.Sprint6.Task1.V23.Lib", "Tyuiu.Shahab6.Sprint6.Task1.V23.Lib\Tyuiu.Shahab6.Sprint6.Task1.V23.Lib.csproj", "{399EA124-5064-46F6-803A-D20C9DDB85EF}"
EndProject
Project("{FAE04EC0-301F-11D3-BF4B-00C04F79EFBC}") = "Tyuiu.Shahab6.Sprint6.Task1.V23.Test", "Tyuiu.Shahab6.Sprint6.Task1.V23.Test\Tyuiu.Shahab6.Sprint6.Task1.V23.Test.csproj", "{2E244ADE-ED74-433B-B969-C1CF6E48231D}"
EndProject
Project("{FAE04EC0-301F-11D3-BF4B-00C04F79EFBC}") = "Tyuiu.Shahab6.Sprint6.Task1.V23", "Tyuiu.Shahab6.Sprint6.Task1.V23\Tyuiu.Shahab6.Sprint6.Task1.V23.csproj", "{CA313CA2-6E43-431C-AA5D-1EA91C21C1B8}"
EndProject
Project("{2150E333-8FDC-42A3-9474-1A3956D46DE8}") = "Task2", "Task2", "{3843170B-669B-4522-9BB8-6404A11F5B3A}"
EndProject
Project("{FAE04EC0-301F-11D3-BF4B-00C04F79EFBC}") = "Tyuiu.Shahab6.Sprint6.Task2.V20.Lib", "Tyuiu.Shahab6.Sprint6.Task2.V20.Lib\Tyuiu.Shahab6.Sprint6.Task2.V20.Lib.csproj", "{B8148B4E-715A-48B6-A27A-5B1EF071695B}"
EndProject
Project("{FAE04EC0-301F-11D3-BF4B-00C04F79EFBC}") = "Tyuiu.Shahab6.Sprint6.Task2.V20.Test", "Tyuiu.Shahab6.Sprint6.Task2.V20.Test\Tyuiu.Shahab6.Sprint6.Task2.V20.Test.csproj", "{7E7875B0-2B79-490A-9FD8-8375FEEE53B4}"
EndProject
Project("{FAE04EC0-301F-11D3-BF4B-00C04F79EFBC}") = "Tyuiu.Shahab6.Sprint6.Task2.V20", "Tyuiu.Shahab6.Sprint6.Task2.V20\Tyuiu.Shahab6.Sprint6.Task2.V20.csproj", "{13DD168F-1523-4020-B637-F389FA6BAF59}"
EndProject
Project("{2150E333-8FDC-42A3-9474-1A3956D46DE8}") = "Task3", "Task3", "{F89FEA90-A78C-4C15-8BB6-4BDA9693AFD0}"
EndProject
Project("{FAE04EC0-301F-11D3-BF4B-00C04F79EFBC}") = "Tyuiu.Shahab6.Sprint6.Task3.V4.Lib", "Tyuiu.Shahab6.Sprint6.Task3.V4.Lib\Tyuiu.Shahab6.Sprint6.Task3.V4.Lib.csproj", "{8F529C61-3600-4FEB-85C0-BCB2B29A9220}"
EndProject
Project("{FAE04EC0-301F-11D3-BF4B-00C04F79EFBC}") = "Tyuiu.Shahab6.Sprint6.Task3.V4.Test", "Tyuiu.Shahab6.Sprint6.Task3.V4.Test\Tyuiu.Shahab6.Sprint6.Task3.V4.Test.csproj", "{4F2A4C0B-A5C5-4A3E-B1BD-9935E7212BFC}"
EndProject
Project("{FAE04EC0-301F-11D3-BF4B-00C04F79EFBC}") = "Tyuiu.Shahab6.Sprint6.Task3.V4", "Tyuiu.Shahab6.Sprint6.Task3.V4\Tyuiu.Shahab6.Sprint6.Task3.V4.csproj", "{F8F0B6B9-941D-44BC-9386-41B94BE3297A}"
EndProject
Global
	GlobalSection(SolutionConfigurationPlatforms) = preSolution
		Debug|Any CPU = Debug|Any CPU
		Release|Any CPU = Release|Any CPU
	EndGlobalSection
	GlobalSection(ProjectConfigurationPlatforms) = postSolution
		{23BFD9E9-81DA-4423-B6B7-62EB4AB8E7A7}.Debug|Any CPU.ActiveCfg = Debug|Any CPU
		{23BFD9E9-81DA-4423-B6B7-62EB4AB8E7A7}.Debug|Any CPU.Build.0 = Debug|Any CPU
		{23BFD9E9-81DA-4423-B6B7-62EB4AB8E7A7}.Release|Any CPU.ActiveCfg = Release|Any CPU
		{23BFD9E9-81DA-4423-B6B7-62EB4AB8E7A7}.Release|Any CPU.Build.0 = Release|Any CPU
		{2A11B36A-D1B1-44D5-8C0C-FC6166555322}.Debug|Any CPU.ActiveCfg = Debug|Any CPU
		{2A11B36A-D1B1-44D5-8C0C-FC6166555322}.Debug|Any CPU.Build.0 = Debug|Any CPU
		{2A11B36A-D1B1-44D5-8C0C-FC6166555322}.Release|Any CPU.ActiveCfg = Release|Any CPU
		{2A11B36A-D1B1-44D5-8C0C-FC6166555322}.Release|Any CPU.Build.0 = Release|Any CPU
		{CDC0F4D9-20FA-4A45-A22C-940A410206B5}.Debug|Any CPU.ActiveCfg = Debug|Any CPU
		{CDC0F4D9-20FA-4A45-A22C-940A410206B5}.Debug|Any CPU.Build.0 = Debug|Any CPU
		{CDC0F4D9-20FA-4A45-A22C-940A410206B5}.Release|Any CPU.ActiveCfg = Release|Any CPU
		{CDC0F4D9-20FA-4A45-A22C-940A410206B5}.Release|Any CPU.Build.0 = Release|Any CPU
		{399EA124-5064-46F6-803A-D20C9DDB85EF}.Debug|Any CPU.ActiveCfg = Debug|Any CPU
		{399EA124-5064-46F6-803A-D20C9DDB85EF}.Debug|Any CPU.Build.0 = Debug|Any CPU
		{399EA124-5064-46F6-803A-D20C9DDB85EF}.Release|Any CPU.ActiveCfg = Release|Any CPU
		{399EA124-5064-46F6-803A-D20C9DDB85EF}.Release|Any CPU.Build.0 = Release|Any CPU
		{2E244ADE-ED74-433B-B969-C1CF6E48231D}.Debug|Any CPU.ActiveCfg = Debug|Any CPU
		{2E244ADE-ED74-433B-B969-C1CF6E48231D}.Debug|Any CPU.Build.0 = Debug|Any CPU
		{2E244ADE-ED74-433B-B969-C1CF6E48231D}.Release|Any CPU.ActiveCfg = Release|Any CPU
		{2E244ADE-ED74-433B-B969-C1CF6E48231D}.Release|Any CPU.Build.0 = Release|Any CPU
		{CA313CA2-6E43-431C-AA5D-1EA91C21C1B8}.Debug|Any CPU.ActiveCfg = Debug|Any CPU
		{CA313CA2-6E43-431C-AA5D-1EA91C21C1B8}.Debug|Any CPU.Build.0 = Debug|Any CPU
		{CA313CA2-6E43-431C-AA5D-1EA91C21C1B8}.Release|Any CPU.ActiveCfg = Release|Any CPU
		{CA313CA2-6E43-431C-AA5D-1EA91C21C1B8}.Release|Any CPU.Build.0 = Release|Any CPU
		{B8148B4E-715A-48B6-A27A-5B1EF071695B}.Debug|Any CPU.ActiveCfg = Debug|Any CPU
		{B8148B4E-715A-48B6-A27A-5B1EF071695B}.Debug|Any CPU.Build.0 = Debug|Any CPU
		{B8148B4E-715A-48B6-A27A-5B1EF071695B}.Release|Any CPU.ActiveCfg = Release|Any CPU
		{B8148B4E-715A-48B6-A27A-5B1EF071695B}.Release|Any CPU.Build.0 = Release|Any CPU
		{7E7875B0-2B79-490A-9FD8-8375FEEE53B4}.Debug|Any CPU.ActiveCfg = Debug|Any CPU
		{7E7875B0-2B79-490A-9FD8-8375FEEE53B4}.Debug|Any CPU.Build.0 = Debug|Any CPU
		{7E7875B0-2B79-490A-9FD8-8375FEEE53B4}.Release|Any CPU.ActiveCfg = Release|Any CPU
		{7E7875B0-2B79-490A-9FD8-8375FEEE53B4}.Release|Any CPU.Build.0 = Release|Any CPU
		{13DD168F-1523-4020-B637-F389FA6BAF59}.Debug|Any CPU.ActiveCfg = Debug|Any CPU
		{13DD168F-1523-4020-B637-F389FA6BAF59}.Debug|Any CPU.Build.0 = Debug|Any CPU
		{13DD168F-1523-4020-B637-F389FA6BAF59}.Release|Any CPU.ActiveCfg = Release|Any CPU
		{13DD168F-1523-4020-B637-F389FA6BAF59}.Release|Any CPU.Build.0 = Release|Any CPU
		{8F529C61-3600-4FEB-85C0-BCB2B29A9220}.Debug|Any CPU.ActiveCfg = Debug|Any CPU
		{8F529C61-3600-4FEB-85C0-BCB2B29A9220}.Debug|Any CPU.Build.0 = Debug|Any CPU
		{8F529C61-3600-4FEB-85C0-BCB2B29A9220}.Release|Any CPU.ActiveCfg = Release|Any CPU
		{8F529C61-3600-4FEB-85C0-BCB2B29A9220}.Release|Any CPU.Build.0 = Release|Any CPU
		{4F2A4C0B-A5C5-4A3E-B1BD-9935E7212BFC}.Debug|Any CPU.ActiveCfg = Debug|Any CPU
		{4F2A4C0B-A5C5-4A3E-B1BD-9935E7212BFC}.Debug|Any CPU.Build.0 = Debug|Any CPU
		{4F2A4C0B-A5C5-4A3E-B1BD-9935E7212BFC}.Release|Any CPU.ActiveCfg = Release|Any CPU
		{4F2A4C0B-A5C5-4A3E-B1BD-9935E7212BFC}.Release|Any CPU.Build.0 = Release|Any CPU
		{F8F0B6B9-941D-44BC-9386-41B94BE3297A}.Debug|Any CPU.ActiveCfg = Debug|Any CPU
		{F8F0B6B9-941D-44BC-9386-41B94BE3297A}.Debug|Any CPU.Build.0 = Debug|Any CPU
		{F8F0B6B9-941D-44BC-9386-41B94BE3297A}.Release|Any CPU.ActiveCfg = Release|Any CPU
		{F8F0B6B9-941D-44BC-9386-41B94BE3297A}.Release|Any CPU.Build.0 = Release|Any CPU
	EndGlobalSection
	GlobalSection(SolutionProperties) = preSolution
		HideSolutionNode = FALSE
	EndGlobalSection
	GlobalSection(NestedProjects) = preSolution
		{23BFD9E9-81DA-4423-B6B7-62EB4AB8E7A7} = {02EA681E-C7D8-13C7-8484-4AC65E1B71E8}
		{2A11B36A-D1B1-44D5-8C0C-FC6166555322} = {02EA681E-C7D8-13C7-8484-4AC65E1B71E8}
		{CDC0F4D9-20FA-4A45-A22C-940A410206B5} = {02EA681E-C7D8-13C7-8484-4AC65E1B71E8}
		{399EA124-5064-46F6-803A-D20C9DDB85EF} = {C3608052-596D-4ED0-AA43-18AF33A5D719}
		{2E244ADE-ED74-433B-B969-C1CF6E48231D} = {C3608052-596D-4ED0-AA43-18AF33A5D719}
		{CA313CA2-6E43-431C-AA5D-1EA91C21C1B8} = {C3608052-596D-4ED0-AA43-18AF33A5D719}
		{B8148B4E-715A-48B6-A27A-5B1EF071695B} = {3843170B-669B-4522-9BB8-6404A11F5B3A}
		{7E7875B0-2B79-490A-9FD8-8375FEEE53B4} = {3843170B-669B-4522-9BB8-6404A11F5B3A}
		{13DD168F-1523-4020-B637-F389FA6BAF59} = {3843170B-669B-4522-9BB8-6404A11F5B3A}
		{8F529C61-3600-4FEB-85C0-BCB2B29A9220} = {F89FEA90-A78C-4C15-8BB6-4BDA9693AFD0}
		{4F2A4C0B-A5C5-4A3E-B1BD-9935E7212BFC} = {F89FEA90-A78C-4C15-8BB6-4BDA9693AFD0}
		{F8F0B6B9-941D-44BC-9386-41B94BE3297A} = {F89FEA90-A78C-4C15-8BB6-4BDA9693AFD0}
	EndGlobalSection
	GlobalSection(ExtensibilityGlobals) = postSolution
		SolutionGuid = {28CF1DEC-03C2-4938-BA17-A1E9D4B0D51C}
	EndGlobalSection
EndGlobal
